
Microsoft Visual Studio Solution File, Format Version 12.00
# Visual Studio 15
VisualStudioVersion = 15.0.27703.2026
MinimumVisualStudioVersion = 10.0.40219.1
Project("{FAE04EC0-301F-11D3-BF4B-00C04F79EFBC}") = "PowerSource", "PowerSource\PowerSource.csproj", "{452B5D33-1CC5-424F-972C-36E05F82D56E}"
EndProject
Global
	GlobalSection(SolutionConfigurationPlatforms) = preSolution
		Debug|Any CPU = Debug|Any CPU
		Release|Any CPU = Release|Any CPU
	EndGlobalSection
	GlobalSection(ProjectConfigurationPlatforms) = postSolution
		{452B5D33-1CC5-424F-972C-36E05F82D56E}.Debug|Any CPU.ActiveCfg = Debug|Any CPU
		{452B5D33-1CC5-424F-972C-36E05F82D56E}.Debug|Any CPU.Build.0 = Debug|Any CPU
		{452B5D33-1CC5-424F-972C-36E05F82D56E}.Release|Any CPU.ActiveCfg = Release|Any CPU
		{452B5D33-1CC5-424F-972C-36E05F82D56E}.Release|Any CPU.Build.0 = Release|Any CPU
	EndGlobalSection
	GlobalSection(SolutionProperties) = preSolution
		HideSolutionNode = FALSE
	EndGlobalSection
	GlobalSection(ExtensibilityGlobals) = postSolution
		SolutionGuid = {1F1612F1-6397-464A-A74C-D28EB6C98347}
	EndGlobalSection
EndGlobal
