
Microsoft Visual Studio Solution File, Format Version 12.00
# Visual Studio 15
VisualStudioVersion = 15.0.27703.2026
MinimumVisualStudioVersion = 10.0.40219.1
Project("{FAE04EC0-301F-11D3-BF4B-00C04F79EFBC}") = "DataAndPrograms", "DataAndPrograms\DataAndPrograms.csproj", "{6421C073-23AB-488A-80CB-8CC68AD7AD78}"
EndProject
Global
	GlobalSection(SolutionConfigurationPlatforms) = preSolution
		Debug|Any CPU = Debug|Any CPU
		Release|Any CPU = Release|Any CPU
	EndGlobalSection
	GlobalSection(ProjectConfigurationPlatforms) = postSolution
		{6421C073-23AB-488A-80CB-8CC68AD7AD78}.Debug|Any CPU.ActiveCfg = Debug|Any CPU
		{6421C073-23AB-488A-80CB-8CC68AD7AD78}.Debug|Any CPU.Build.0 = Debug|Any CPU
		{6421C073-23AB-488A-80CB-8CC68AD7AD78}.Release|Any CPU.ActiveCfg = Release|Any CPU
		{6421C073-23AB-488A-80CB-8CC68AD7AD78}.Release|Any CPU.Build.0 = Release|Any CPU
	EndGlobalSection
	GlobalSection(SolutionProperties) = preSolution
		HideSolutionNode = FALSE
	EndGlobalSection
	GlobalSection(ExtensibilityGlobals) = postSolution
		SolutionGuid = {1804AFAB-C483-48BA-B1B7-23DAF89C4ADC}
	EndGlobalSection
EndGlobal
