
Microsoft Visual Studio Solution File, Format Version 12.00
# Visual Studio 15
VisualStudioVersion = 15.0.27703.2047
MinimumVisualStudioVersion = 10.0.40219.1
Project("{FAE04EC0-301F-11D3-BF4B-00C04F79EFBC}") = "AfewPointers", "AfewPointers\AfewPointers.csproj", "{FF3D517A-7A58-4DD3-8C03-9653FE3FF4A8}"
EndProject
Global
	GlobalSection(SolutionConfigurationPlatforms) = preSolution
		Debug|Any CPU = Debug|Any CPU
		Release|Any CPU = Release|Any CPU
	EndGlobalSection
	GlobalSection(ProjectConfigurationPlatforms) = postSolution
		{FF3D517A-7A58-4DD3-8C03-9653FE3FF4A8}.Debug|Any CPU.ActiveCfg = Debug|Any CPU
		{FF3D517A-7A58-4DD3-8C03-9653FE3FF4A8}.Debug|Any CPU.Build.0 = Debug|Any CPU
		{FF3D517A-7A58-4DD3-8C03-9653FE3FF4A8}.Release|Any CPU.ActiveCfg = Release|Any CPU
		{FF3D517A-7A58-4DD3-8C03-9653FE3FF4A8}.Release|Any CPU.Build.0 = Release|Any CPU
	EndGlobalSection
	GlobalSection(SolutionProperties) = preSolution
		HideSolutionNode = FALSE
	EndGlobalSection
	GlobalSection(ExtensibilityGlobals) = postSolution
		SolutionGuid = {B2FAEE26-ED3C-4933-85D5-688C9D8364A0}
	EndGlobalSection
EndGlobal
