
Microsoft Visual Studio Solution File, Format Version 12.00
# Visual Studio 15
VisualStudioVersion = 15.0.27703.2035
MinimumVisualStudioVersion = 10.0.40219.1
Project("{FAE04EC0-301F-11D3-BF4B-00C04F79EFBC}") = "WindowsWalsh", "WindowsWalsh\WindowsWalsh.csproj", "{7DBEBDB6-8BB4-4DB1-A7DD-504E4557302C}"
EndProject
Global
	GlobalSection(SolutionConfigurationPlatforms) = preSolution
		Debug|Any CPU = Debug|Any CPU
		Release|Any CPU = Release|Any CPU
	EndGlobalSection
	GlobalSection(ProjectConfigurationPlatforms) = postSolution
		{7DBEBDB6-8BB4-4DB1-A7DD-504E4557302C}.Debug|Any CPU.ActiveCfg = Debug|Any CPU
		{7DBEBDB6-8BB4-4DB1-A7DD-504E4557302C}.Debug|Any CPU.Build.0 = Debug|Any CPU
		{7DBEBDB6-8BB4-4DB1-A7DD-504E4557302C}.Release|Any CPU.ActiveCfg = Release|Any CPU
		{7DBEBDB6-8BB4-4DB1-A7DD-504E4557302C}.Release|Any CPU.Build.0 = Release|Any CPU
	EndGlobalSection
	GlobalSection(SolutionProperties) = preSolution
		HideSolutionNode = FALSE
	EndGlobalSection
	GlobalSection(ExtensibilityGlobals) = postSolution
		SolutionGuid = {672C2394-02FA-4409-A62E-843474839322}
	EndGlobalSection
EndGlobal
