
Microsoft Visual Studio Solution File, Format Version 12.00
# Visual Studio 15
VisualStudioVersion = 15.0.27703.2026
MinimumVisualStudioVersion = 10.0.40219.1
Project("{FAE04EC0-301F-11D3-BF4B-00C04F79EFBC}") = "ScrollWormsID", "ScrollWormsID\ScrollWormsID.csproj", "{1B8A1418-038E-4D18-A15B-A75E42339C2D}"
EndProject
Global
	GlobalSection(SolutionConfigurationPlatforms) = preSolution
		Debug|Any CPU = Debug|Any CPU
		Release|Any CPU = Release|Any CPU
	EndGlobalSection
	GlobalSection(ProjectConfigurationPlatforms) = postSolution
		{1B8A1418-038E-4D18-A15B-A75E42339C2D}.Debug|Any CPU.ActiveCfg = Debug|Any CPU
		{1B8A1418-038E-4D18-A15B-A75E42339C2D}.Debug|Any CPU.Build.0 = Debug|Any CPU
		{1B8A1418-038E-4D18-A15B-A75E42339C2D}.Release|Any CPU.ActiveCfg = Release|Any CPU
		{1B8A1418-038E-4D18-A15B-A75E42339C2D}.Release|Any CPU.Build.0 = Release|Any CPU
	EndGlobalSection
	GlobalSection(SolutionProperties) = preSolution
		HideSolutionNode = FALSE
	EndGlobalSection
	GlobalSection(ExtensibilityGlobals) = postSolution
		SolutionGuid = {1FC63636-7283-44C0-A19D-D2E339F7735C}
	EndGlobalSection
EndGlobal
