
Microsoft Visual Studio Solution File, Format Version 12.00
# Visual Studio 15
VisualStudioVersion = 15.0.27703.2026
MinimumVisualStudioVersion = 10.0.40219.1
Project("{FAE04EC0-301F-11D3-BF4B-00C04F79EFBC}") = "WorkRotorNumbers", "WorkRotorNumbers\WorkRotorNumbers.csproj", "{DF042E6B-4799-4235-A92B-ABA49C129B5C}"
EndProject
Global
	GlobalSection(SolutionConfigurationPlatforms) = preSolution
		Debug|Any CPU = Debug|Any CPU
		Release|Any CPU = Release|Any CPU
	EndGlobalSection
	GlobalSection(ProjectConfigurationPlatforms) = postSolution
		{DF042E6B-4799-4235-A92B-ABA49C129B5C}.Debug|Any CPU.ActiveCfg = Debug|Any CPU
		{DF042E6B-4799-4235-A92B-ABA49C129B5C}.Debug|Any CPU.Build.0 = Debug|Any CPU
		{DF042E6B-4799-4235-A92B-ABA49C129B5C}.Release|Any CPU.ActiveCfg = Release|Any CPU
		{DF042E6B-4799-4235-A92B-ABA49C129B5C}.Release|Any CPU.Build.0 = Release|Any CPU
	EndGlobalSection
	GlobalSection(SolutionProperties) = preSolution
		HideSolutionNode = FALSE
	EndGlobalSection
	GlobalSection(ExtensibilityGlobals) = postSolution
		SolutionGuid = {3BBA5835-389E-43FB-AE91-BA99D7B8A17A}
	EndGlobalSection
EndGlobal
