
Microsoft Visual Studio Solution File, Format Version 12.00
# Visual Studio 15
VisualStudioVersion = 15.0.27703.2047
MinimumVisualStudioVersion = 10.0.40219.1
Project("{FAE04EC0-301F-11D3-BF4B-00C04F79EFBC}") = "MarriageBytes", "MarriageBytes\MarriageBytes.csproj", "{D8161C8F-0FC5-4279-81AB-04FC1A9E1D5D}"
EndProject
Global
	GlobalSection(SolutionConfigurationPlatforms) = preSolution
		Debug|Any CPU = Debug|Any CPU
		Release|Any CPU = Release|Any CPU
	EndGlobalSection
	GlobalSection(ProjectConfigurationPlatforms) = postSolution
		{D8161C8F-0FC5-4279-81AB-04FC1A9E1D5D}.Debug|Any CPU.ActiveCfg = Debug|Any CPU
		{D8161C8F-0FC5-4279-81AB-04FC1A9E1D5D}.Debug|Any CPU.Build.0 = Debug|Any CPU
		{D8161C8F-0FC5-4279-81AB-04FC1A9E1D5D}.Release|Any CPU.ActiveCfg = Release|Any CPU
		{D8161C8F-0FC5-4279-81AB-04FC1A9E1D5D}.Release|Any CPU.Build.0 = Release|Any CPU
	EndGlobalSection
	GlobalSection(SolutionProperties) = preSolution
		HideSolutionNode = FALSE
	EndGlobalSection
	GlobalSection(ExtensibilityGlobals) = postSolution
		SolutionGuid = {E76FC36D-9A40-484D-ADBB-A72B2C178108}
	EndGlobalSection
EndGlobal
