
Microsoft Visual Studio Solution File, Format Version 12.00
# Visual Studio 15
VisualStudioVersion = 15.0.27703.2047
MinimumVisualStudioVersion = 10.0.40219.1
Project("{FAE04EC0-301F-11D3-BF4B-00C04F79EFBC}") = "PetraStrings", "PetraStrings\PetraStrings.csproj", "{B2B1D6D6-48D6-4540-AF19-05D748AF4B26}"
EndProject
Global
	GlobalSection(SolutionConfigurationPlatforms) = preSolution
		Debug|Any CPU = Debug|Any CPU
		Release|Any CPU = Release|Any CPU
	EndGlobalSection
	GlobalSection(ProjectConfigurationPlatforms) = postSolution
		{B2B1D6D6-48D6-4540-AF19-05D748AF4B26}.Debug|Any CPU.ActiveCfg = Debug|Any CPU
		{B2B1D6D6-48D6-4540-AF19-05D748AF4B26}.Debug|Any CPU.Build.0 = Debug|Any CPU
		{B2B1D6D6-48D6-4540-AF19-05D748AF4B26}.Release|Any CPU.ActiveCfg = Release|Any CPU
		{B2B1D6D6-48D6-4540-AF19-05D748AF4B26}.Release|Any CPU.Build.0 = Release|Any CPU
	EndGlobalSection
	GlobalSection(SolutionProperties) = preSolution
		HideSolutionNode = FALSE
	EndGlobalSection
	GlobalSection(ExtensibilityGlobals) = postSolution
		SolutionGuid = {C7615300-E009-4B51-9532-C0CF0DE675A2}
	EndGlobalSection
EndGlobal
