
Microsoft Visual Studio Solution File, Format Version 12.00
# Visual Studio 15
VisualStudioVersion = 15.0.27703.2042
MinimumVisualStudioVersion = 10.0.40219.1
Project("{FAE04EC0-301F-11D3-BF4B-00C04F79EFBC}") = "HerakliusMexico", "HerakliusMexico\HerakliusMexico.csproj", "{207F2C14-FA8D-438B-A96F-39B9D09034D2}"
EndProject
Global
	GlobalSection(SolutionConfigurationPlatforms) = preSolution
		Debug|Any CPU = Debug|Any CPU
		Release|Any CPU = Release|Any CPU
	EndGlobalSection
	GlobalSection(ProjectConfigurationPlatforms) = postSolution
		{207F2C14-FA8D-438B-A96F-39B9D09034D2}.Debug|Any CPU.ActiveCfg = Debug|Any CPU
		{207F2C14-FA8D-438B-A96F-39B9D09034D2}.Debug|Any CPU.Build.0 = Debug|Any CPU
		{207F2C14-FA8D-438B-A96F-39B9D09034D2}.Release|Any CPU.ActiveCfg = Release|Any CPU
		{207F2C14-FA8D-438B-A96F-39B9D09034D2}.Release|Any CPU.Build.0 = Release|Any CPU
	EndGlobalSection
	GlobalSection(SolutionProperties) = preSolution
		HideSolutionNode = FALSE
	EndGlobalSection
	GlobalSection(ExtensibilityGlobals) = postSolution
		SolutionGuid = {C0231692-129F-4B76-B621-5CA0A51EEF52}
	EndGlobalSection
EndGlobal
