
Microsoft Visual Studio Solution File, Format Version 12.00
# Visual Studio 15
VisualStudioVersion = 15.0.27703.2042
MinimumVisualStudioVersion = 10.0.40219.1
Project("{FAE04EC0-301F-11D3-BF4B-00C04F79EFBC}") = "InterimReporter", "InterimReporter\InterimReporter.csproj", "{2371420E-7AB1-4C82-BCC7-5777BAA336F7}"
EndProject
Global
	GlobalSection(SolutionConfigurationPlatforms) = preSolution
		Debug|Any CPU = Debug|Any CPU
		Release|Any CPU = Release|Any CPU
	EndGlobalSection
	GlobalSection(ProjectConfigurationPlatforms) = postSolution
		{2371420E-7AB1-4C82-BCC7-5777BAA336F7}.Debug|Any CPU.ActiveCfg = Debug|Any CPU
		{2371420E-7AB1-4C82-BCC7-5777BAA336F7}.Debug|Any CPU.Build.0 = Debug|Any CPU
		{2371420E-7AB1-4C82-BCC7-5777BAA336F7}.Release|Any CPU.ActiveCfg = Release|Any CPU
		{2371420E-7AB1-4C82-BCC7-5777BAA336F7}.Release|Any CPU.Build.0 = Release|Any CPU
	EndGlobalSection
	GlobalSection(SolutionProperties) = preSolution
		HideSolutionNode = FALSE
	EndGlobalSection
	GlobalSection(ExtensibilityGlobals) = postSolution
		SolutionGuid = {54347C9C-0C7D-4B7E-928D-25568F942528}
	EndGlobalSection
EndGlobal
