
Microsoft Visual Studio Solution File, Format Version 12.00
# Visual Studio 15
VisualStudioVersion = 15.0.27703.2042
MinimumVisualStudioVersion = 10.0.40219.1
Project("{FAE04EC0-301F-11D3-BF4B-00C04F79EFBC}") = "ReceptersTechnology", "ReceptersTechnology\ReceptersTechnology.csproj", "{8162D943-D6F3-477D-A0A8-413444A86C8E}"
EndProject
Global
	GlobalSection(SolutionConfigurationPlatforms) = preSolution
		Debug|Any CPU = Debug|Any CPU
		Release|Any CPU = Release|Any CPU
	EndGlobalSection
	GlobalSection(ProjectConfigurationPlatforms) = postSolution
		{8162D943-D6F3-477D-A0A8-413444A86C8E}.Debug|Any CPU.ActiveCfg = Debug|Any CPU
		{8162D943-D6F3-477D-A0A8-413444A86C8E}.Debug|Any CPU.Build.0 = Debug|Any CPU
		{8162D943-D6F3-477D-A0A8-413444A86C8E}.Release|Any CPU.ActiveCfg = Release|Any CPU
		{8162D943-D6F3-477D-A0A8-413444A86C8E}.Release|Any CPU.Build.0 = Release|Any CPU
	EndGlobalSection
	GlobalSection(SolutionProperties) = preSolution
		HideSolutionNode = FALSE
	EndGlobalSection
	GlobalSection(ExtensibilityGlobals) = postSolution
		SolutionGuid = {27FDCC23-73D9-4A68-89C0-ABCB47ADB1E9}
	EndGlobalSection
EndGlobal
