
Microsoft Visual Studio Solution File, Format Version 12.00
# Visual Studio 15
VisualStudioVersion = 15.0.27703.2042
MinimumVisualStudioVersion = 10.0.40219.1
Project("{FAE04EC0-301F-11D3-BF4B-00C04F79EFBC}") = "MOO2019", "MOO2019\MOO2019.csproj", "{69011E9D-819C-4BA8-8033-11CEBFC22D64}"
EndProject
Global
	GlobalSection(SolutionConfigurationPlatforms) = preSolution
		Debug|Any CPU = Debug|Any CPU
		Release|Any CPU = Release|Any CPU
	EndGlobalSection
	GlobalSection(ProjectConfigurationPlatforms) = postSolution
		{69011E9D-819C-4BA8-8033-11CEBFC22D64}.Debug|Any CPU.ActiveCfg = Debug|Any CPU
		{69011E9D-819C-4BA8-8033-11CEBFC22D64}.Debug|Any CPU.Build.0 = Debug|Any CPU
		{69011E9D-819C-4BA8-8033-11CEBFC22D64}.Release|Any CPU.ActiveCfg = Release|Any CPU
		{69011E9D-819C-4BA8-8033-11CEBFC22D64}.Release|Any CPU.Build.0 = Release|Any CPU
	EndGlobalSection
	GlobalSection(SolutionProperties) = preSolution
		HideSolutionNode = FALSE
	EndGlobalSection
	GlobalSection(ExtensibilityGlobals) = postSolution
		SolutionGuid = {23D12576-BE6B-4CB6-9B97-16203DC37E8F}
	EndGlobalSection
EndGlobal
