
Microsoft Visual Studio Solution File, Format Version 12.00
# Visual Studio 15
VisualStudioVersion = 15.0.27703.2026
MinimumVisualStudioVersion = 10.0.40219.1
Project("{FAE04EC0-301F-11D3-BF4B-00C04F79EFBC}") = "AliveTechnician", "AliveTechnician\AliveTechnician.csproj", "{A36AD340-6E9A-4EA8-B360-C32EE2B59DC2}"
EndProject
Global
	GlobalSection(SolutionConfigurationPlatforms) = preSolution
		Debug|Any CPU = Debug|Any CPU
		Release|Any CPU = Release|Any CPU
	EndGlobalSection
	GlobalSection(ProjectConfigurationPlatforms) = postSolution
		{A36AD340-6E9A-4EA8-B360-C32EE2B59DC2}.Debug|Any CPU.ActiveCfg = Debug|Any CPU
		{A36AD340-6E9A-4EA8-B360-C32EE2B59DC2}.Debug|Any CPU.Build.0 = Debug|Any CPU
		{A36AD340-6E9A-4EA8-B360-C32EE2B59DC2}.Release|Any CPU.ActiveCfg = Release|Any CPU
		{A36AD340-6E9A-4EA8-B360-C32EE2B59DC2}.Release|Any CPU.Build.0 = Release|Any CPU
	EndGlobalSection
	GlobalSection(SolutionProperties) = preSolution
		HideSolutionNode = FALSE
	EndGlobalSection
	GlobalSection(ExtensibilityGlobals) = postSolution
		SolutionGuid = {980EC38A-B4AB-4674-9CB2-FF56C85B1CF1}
	EndGlobalSection
EndGlobal
