
Microsoft Visual Studio Solution File, Format Version 12.00
# Visual Studio 15
VisualStudioVersion = 15.0.27703.2042
MinimumVisualStudioVersion = 10.0.40219.1
Project("{FAE04EC0-301F-11D3-BF4B-00C04F79EFBC}") = "NasaBytes", "NasaBytes\NasaBytes.csproj", "{94D544C2-E5EA-4936-8DC6-001DF9BF07E3}"
EndProject
Global
	GlobalSection(SolutionConfigurationPlatforms) = preSolution
		Debug|Any CPU = Debug|Any CPU
		Release|Any CPU = Release|Any CPU
	EndGlobalSection
	GlobalSection(ProjectConfigurationPlatforms) = postSolution
		{94D544C2-E5EA-4936-8DC6-001DF9BF07E3}.Debug|Any CPU.ActiveCfg = Debug|Any CPU
		{94D544C2-E5EA-4936-8DC6-001DF9BF07E3}.Debug|Any CPU.Build.0 = Debug|Any CPU
		{94D544C2-E5EA-4936-8DC6-001DF9BF07E3}.Release|Any CPU.ActiveCfg = Release|Any CPU
		{94D544C2-E5EA-4936-8DC6-001DF9BF07E3}.Release|Any CPU.Build.0 = Release|Any CPU
	EndGlobalSection
	GlobalSection(SolutionProperties) = preSolution
		HideSolutionNode = FALSE
	EndGlobalSection
	GlobalSection(ExtensibilityGlobals) = postSolution
		SolutionGuid = {74E1F178-8C81-4C75-BA2F-E8E5CECAB51B}
	EndGlobalSection
EndGlobal
