
Microsoft Visual Studio Solution File, Format Version 12.00
# Visual Studio 15
VisualStudioVersion = 15.0.27703.2026
MinimumVisualStudioVersion = 10.0.40219.1
Project("{FAE04EC0-301F-11D3-BF4B-00C04F79EFBC}") = "MedicationSkiing", "MedicationSkiing\MedicationSkiing.csproj", "{EE821011-AE84-4B74-9660-52F8A68747AD}"
EndProject
Global
	GlobalSection(SolutionConfigurationPlatforms) = preSolution
		Debug|Any CPU = Debug|Any CPU
		Release|Any CPU = Release|Any CPU
	EndGlobalSection
	GlobalSection(ProjectConfigurationPlatforms) = postSolution
		{EE821011-AE84-4B74-9660-52F8A68747AD}.Debug|Any CPU.ActiveCfg = Debug|Any CPU
		{EE821011-AE84-4B74-9660-52F8A68747AD}.Debug|Any CPU.Build.0 = Debug|Any CPU
		{EE821011-AE84-4B74-9660-52F8A68747AD}.Release|Any CPU.ActiveCfg = Release|Any CPU
		{EE821011-AE84-4B74-9660-52F8A68747AD}.Release|Any CPU.Build.0 = Release|Any CPU
	EndGlobalSection
	GlobalSection(SolutionProperties) = preSolution
		HideSolutionNode = FALSE
	EndGlobalSection
	GlobalSection(ExtensibilityGlobals) = postSolution
		SolutionGuid = {7ADEF932-03E1-4192-BA03-A0E37EF897F5}
	EndGlobalSection
EndGlobal
