
Microsoft Visual Studio Solution File, Format Version 12.00
# Visual Studio 15
VisualStudioVersion = 15.0.27703.2035
MinimumVisualStudioVersion = 10.0.40219.1
Project("{FAE04EC0-301F-11D3-BF4B-00C04F79EFBC}") = "PillarsGame", "PillarsGame\PillarsGame.csproj", "{8EE65D89-1B5D-4980-96F9-FFE5E597D2F7}"
EndProject
Global
	GlobalSection(SolutionConfigurationPlatforms) = preSolution
		Debug|Any CPU = Debug|Any CPU
		Release|Any CPU = Release|Any CPU
	EndGlobalSection
	GlobalSection(ProjectConfigurationPlatforms) = postSolution
		{8EE65D89-1B5D-4980-96F9-FFE5E597D2F7}.Debug|Any CPU.ActiveCfg = Debug|Any CPU
		{8EE65D89-1B5D-4980-96F9-FFE5E597D2F7}.Debug|Any CPU.Build.0 = Debug|Any CPU
		{8EE65D89-1B5D-4980-96F9-FFE5E597D2F7}.Release|Any CPU.ActiveCfg = Release|Any CPU
		{8EE65D89-1B5D-4980-96F9-FFE5E597D2F7}.Release|Any CPU.Build.0 = Release|Any CPU
	EndGlobalSection
	GlobalSection(SolutionProperties) = preSolution
		HideSolutionNode = FALSE
	EndGlobalSection
	GlobalSection(ExtensibilityGlobals) = postSolution
		SolutionGuid = {2D5A5BBF-2834-46E3-9938-E77824D2D4E3}
	EndGlobalSection
EndGlobal
